
Microsoft Visual Studio Solution File, Format Version 12.00
# Visual Studio Version 17
VisualStudioVersion = 17.10.34928.147
MinimumVisualStudioVersion = 10.0.40219.1
Project("{FAE04EC0-301F-11D3-BF4B-00C04F79EFBC}") = "Task2", "Task2.csproj", "{33FAC071-F103-40BF-BA3A-FCA46A36F23C}"
EndProject
Global
	GlobalSection(SolutionConfigurationPlatforms) = preSolution
		Debug|Any CPU = Debug|Any CPU
		Release|Any CPU = Release|Any CPU
	EndGlobalSection
	GlobalSection(ProjectConfigurationPlatforms) = postSolution
		{33FAC071-F103-40BF-BA3A-FCA46A36F23C}.Debug|Any CPU.ActiveCfg = Debug|Any CPU
		{33FAC071-F103-40BF-BA3A-FCA46A36F23C}.Debug|Any CPU.Build.0 = Debug|Any CPU
		{33FAC071-F103-40BF-BA3A-FCA46A36F23C}.Release|Any CPU.ActiveCfg = Release|Any CPU
		{33FAC071-F103-40BF-BA3A-FCA46A36F23C}.Release|Any CPU.Build.0 = Release|Any CPU
	EndGlobalSection
	GlobalSection(SolutionProperties) = preSolution
		HideSolutionNode = FALSE
	EndGlobalSection
	GlobalSection(ExtensibilityGlobals) = postSolution
		SolutionGuid = {57DB6A90-5991-4518-8634-AAEFD2D460C2}
	EndGlobalSection
EndGlobal
